
Microsoft Visual Studio Solution File, Format Version 12.00
# Visual Studio Version 16
VisualStudioVersion = 16.0.30717.126
MinimumVisualStudioVersion = 10.0.40219.1
Project("{FAE04EC0-301F-11D3-BF4B-00C04F79EFBC}") = "iWebSite_ComeIndus", "iWebSite_ComeIndus\iWebSite_ComeIndus.csproj", "{5C3ECBFB-D4D3-46A3-9099-A386F8D3416B}"
EndProject
Global
	GlobalSection(SolutionConfigurationPlatforms) = preSolution
		Debug|Any CPU = Debug|Any CPU
		Release|Any CPU = Release|Any CPU
	EndGlobalSection
	GlobalSection(ProjectConfigurationPlatforms) = postSolution
		{5C3ECBFB-D4D3-46A3-9099-A386F8D3416B}.Debug|Any CPU.ActiveCfg = Debug|Any CPU
		{5C3ECBFB-D4D3-46A3-9099-A386F8D3416B}.Debug|Any CPU.Build.0 = Debug|Any CPU
		{5C3ECBFB-D4D3-46A3-9099-A386F8D3416B}.Release|Any CPU.ActiveCfg = Release|Any CPU
		{5C3ECBFB-D4D3-46A3-9099-A386F8D3416B}.Release|Any CPU.Build.0 = Release|Any CPU
	EndGlobalSection
	GlobalSection(SolutionProperties) = preSolution
		HideSolutionNode = FALSE
	EndGlobalSection
	GlobalSection(ExtensibilityGlobals) = postSolution
		SolutionGuid = {96A59BA2-BF0A-4B18-9BB4-EF2959A55CD6}
	EndGlobalSection
EndGlobal
